
Microsoft Visual Studio Solution File, Format Version 10.00
# Visual Studio 2008
Project("{8BC9CEB8-8B4A-11D0-8D11-00A0C91BC942}") = "CppUnitLite", "CppUnitLite\CppUnitLite.vcproj", "{5F40BA9C-6CAA-4494-93E4-92941A303BB3}"
EndProject
Project("{8BC9CEB8-8B4A-11D0-8D11-00A0C91BC942}") = "ScoreboardModel", "ScoreboardModel\ScoreboardModel.vcproj", "{AAF338FA-EC16-47CD-A09B-1B1659398E9D}"
EndProject
Project("{8BC9CEB8-8B4A-11D0-8D11-00A0C91BC942}") = "ScoreboardWxWidget", "ScoreboardWxWidget\ScoreboardWxWidget.vcproj", "{4390E1CC-06ED-4666-AF3C-4EB2BE4A0356}"
EndProject
Project("{8BC9CEB8-8B4A-11D0-8D11-00A0C91BC942}") = "ScoreboardTest", "ScoreboardTest\ScoreboardTest.vcproj", "{4DE4524F-C83F-4A72-BB4D-961374F1A9C1}"
EndProject
Global
	GlobalSection(SubversionScc) = preSolution
		Svn-Managed = True
		Manager = AnkhSVN - Subversion Support for Visual Studio
	EndGlobalSection
	GlobalSection(SolutionConfigurationPlatforms) = preSolution
		Debug|Win32 = Debug|Win32
		Release|Win32 = Release|Win32
	EndGlobalSection
	GlobalSection(ProjectConfigurationPlatforms) = postSolution
		{5F40BA9C-6CAA-4494-93E4-92941A303BB3}.Debug|Win32.ActiveCfg = Debug|Win32
		{5F40BA9C-6CAA-4494-93E4-92941A303BB3}.Debug|Win32.Build.0 = Debug|Win32
		{5F40BA9C-6CAA-4494-93E4-92941A303BB3}.Release|Win32.ActiveCfg = Release|Win32
		{5F40BA9C-6CAA-4494-93E4-92941A303BB3}.Release|Win32.Build.0 = Release|Win32
		{AAF338FA-EC16-47CD-A09B-1B1659398E9D}.Debug|Win32.ActiveCfg = Debug|Win32
		{AAF338FA-EC16-47CD-A09B-1B1659398E9D}.Debug|Win32.Build.0 = Debug|Win32
		{AAF338FA-EC16-47CD-A09B-1B1659398E9D}.Release|Win32.ActiveCfg = Release|Win32
		{AAF338FA-EC16-47CD-A09B-1B1659398E9D}.Release|Win32.Build.0 = Release|Win32
		{4390E1CC-06ED-4666-AF3C-4EB2BE4A0356}.Debug|Win32.ActiveCfg = Debug|Win32
		{4390E1CC-06ED-4666-AF3C-4EB2BE4A0356}.Debug|Win32.Build.0 = Debug|Win32
		{4390E1CC-06ED-4666-AF3C-4EB2BE4A0356}.Release|Win32.ActiveCfg = Release|Win32
		{4390E1CC-06ED-4666-AF3C-4EB2BE4A0356}.Release|Win32.Build.0 = Release|Win32
		{4DE4524F-C83F-4A72-BB4D-961374F1A9C1}.Debug|Win32.ActiveCfg = Debug|Win32
		{4DE4524F-C83F-4A72-BB4D-961374F1A9C1}.Debug|Win32.Build.0 = Debug|Win32
		{4DE4524F-C83F-4A72-BB4D-961374F1A9C1}.Release|Win32.ActiveCfg = Release|Win32
		{4DE4524F-C83F-4A72-BB4D-961374F1A9C1}.Release|Win32.Build.0 = Release|Win32
	EndGlobalSection
	GlobalSection(SolutionProperties) = preSolution
		HideSolutionNode = FALSE
	EndGlobalSection
EndGlobal
